
Microsoft Visual Studio Solution File, Format Version 12.00
# Visual Studio Version 17
VisualStudioVersion = 17.0.31903.59
MinimumVisualStudioVersion = 10.0.40219.1
Project("{9A19103F-16F7-4668-BE54-9A1E7A4F7556}") = "MimoBackendChallengeAPI", "MimoBackendChallenge\MimoBackendChallengeAPI.csproj", "{6C6373C1-1F6F-40EE-B017-CAF8872F0B51}"
EndProject
Project("{9A19103F-16F7-4668-BE54-9A1E7A4F7556}") = "MimoDomain", "MimoDomain\MimoDomain.csproj", "{1489262F-779E-400A-ABCE-63B82920EB49}"
EndProject
Project("{9A19103F-16F7-4668-BE54-9A1E7A4F7556}") = "MimoData", "MimoData\MimoData.csproj", "{D7FB9896-CE6B-4E6E-8A53-6A21434B0D34}"
EndProject
Project("{FAE04EC0-301F-11D3-BF4B-00C04F79EFBC}") = "MimoBackendChallengeTests", "MimoBackendChallengeTests\MimoBackendChallengeTests.csproj", "{7BE9A0D2-446A-4D79-BA7A-B7906A011ADD}"
EndProject
Global
	GlobalSection(SolutionConfigurationPlatforms) = preSolution
		Debug|Any CPU = Debug|Any CPU
		Release|Any CPU = Release|Any CPU
	EndGlobalSection
	GlobalSection(ProjectConfigurationPlatforms) = postSolution
		{6C6373C1-1F6F-40EE-B017-CAF8872F0B51}.Debug|Any CPU.ActiveCfg = Debug|Any CPU
		{6C6373C1-1F6F-40EE-B017-CAF8872F0B51}.Debug|Any CPU.Build.0 = Debug|Any CPU
		{6C6373C1-1F6F-40EE-B017-CAF8872F0B51}.Release|Any CPU.ActiveCfg = Release|Any CPU
		{6C6373C1-1F6F-40EE-B017-CAF8872F0B51}.Release|Any CPU.Build.0 = Release|Any CPU
		{1489262F-779E-400A-ABCE-63B82920EB49}.Debug|Any CPU.ActiveCfg = Debug|Any CPU
		{1489262F-779E-400A-ABCE-63B82920EB49}.Debug|Any CPU.Build.0 = Debug|Any CPU
		{1489262F-779E-400A-ABCE-63B82920EB49}.Release|Any CPU.ActiveCfg = Release|Any CPU
		{1489262F-779E-400A-ABCE-63B82920EB49}.Release|Any CPU.Build.0 = Release|Any CPU
		{D7FB9896-CE6B-4E6E-8A53-6A21434B0D34}.Debug|Any CPU.ActiveCfg = Debug|Any CPU
		{D7FB9896-CE6B-4E6E-8A53-6A21434B0D34}.Debug|Any CPU.Build.0 = Debug|Any CPU
		{D7FB9896-CE6B-4E6E-8A53-6A21434B0D34}.Release|Any CPU.ActiveCfg = Release|Any CPU
		{D7FB9896-CE6B-4E6E-8A53-6A21434B0D34}.Release|Any CPU.Build.0 = Release|Any CPU
		{7BE9A0D2-446A-4D79-BA7A-B7906A011ADD}.Debug|Any CPU.ActiveCfg = Debug|Any CPU
		{7BE9A0D2-446A-4D79-BA7A-B7906A011ADD}.Debug|Any CPU.Build.0 = Debug|Any CPU
		{7BE9A0D2-446A-4D79-BA7A-B7906A011ADD}.Release|Any CPU.ActiveCfg = Release|Any CPU
		{7BE9A0D2-446A-4D79-BA7A-B7906A011ADD}.Release|Any CPU.Build.0 = Release|Any CPU
	EndGlobalSection
	GlobalSection(SolutionProperties) = preSolution
		HideSolutionNode = FALSE
	EndGlobalSection
	GlobalSection(ExtensibilityGlobals) = postSolution
		SolutionGuid = {33A440B8-625C-4CFE-B85F-A1B29FBB7ACA}
	EndGlobalSection
EndGlobal
